# This file was autogenerated by Stack.
# You should not edit this file by hand.
# For more information, please see the documentation at:
#   https://docs.haskellstack.org/en/stable/lock_files

packages:
- completed:
    hackage: hmatrix-glpk-0.19.0.0@sha256:cf46c54bc3878bd207674ad88c3389083809f4df862df68ee64c6708dc517a52,1683
    pantry-tree:
      size: 660
      sha256: 8e781b7b10d93e1def514c48da663b1b046ed5c23857938bad1229e9f4a589c1
  original:
    hackage: hmatrix-glpk-0.19.0.0
- completed:
    hackage: linear-1.21@sha256:4de02e35f12a340d731aa81ef5225ba8046471cf035fd304bcf1008f8b09a4d1,4274
    pantry-tree:
      size: 2211
      sha256: 9910b4e6652fa7780f97eef7e91f5c55ca05517511761cbd088bf898ed3cb005
  original:
    hackage: linear-1.21
snapshots:
- completed:
    size: 495801
    url: https://raw.githubusercontent.com/commercialhaskell/stackage-snapshots/master/lts/13/11.yaml
    sha256: 835062158db2b3ebb8b9525d9662a02ebf9783e8f6a08a64684cd5546f847152
  original: lts-13.11
